
Microsoft Visual Studio Solution File, Format Version 12.00
# Visual Studio Version 16
VisualStudioVersion = 16.0.32802.440
MinimumVisualStudioVersion = 10.0.40219.1
Project("{FAE04EC0-301F-11D3-BF4B-00C04F79EFBC}") = "Arrastre.Android", "Arrastre.Android\Arrastre.Android.csproj", "{BD2DFA9B-4477-4740-9964-6ED52D2908CE}"
EndProject
Project("{FAE04EC0-301F-11D3-BF4B-00C04F79EFBC}") = "Arrastre.iOS", "Arrastre.iOS\Arrastre.iOS.csproj", "{DFE9DE04-D100-485B-92D1-830BE76ACC2F}"
EndProject
Project("{FAE04EC0-301F-11D3-BF4B-00C04F79EFBC}") = "Arrastre", "Arrastre\Arrastre.csproj", "{17B8B830-EFBF-4A49-9EF5-6144AF4A3031}"
EndProject
Global
	GlobalSection(SolutionConfigurationPlatforms) = preSolution
		Debug|Any CPU = Debug|Any CPU
		Debug|iPhone = Debug|iPhone
		Debug|iPhoneSimulator = Debug|iPhoneSimulator
		Release|Any CPU = Release|Any CPU
		Release|iPhone = Release|iPhone
		Release|iPhoneSimulator = Release|iPhoneSimulator
	EndGlobalSection
	GlobalSection(ProjectConfigurationPlatforms) = postSolution
		{BD2DFA9B-4477-4740-9964-6ED52D2908CE}.Debug|Any CPU.ActiveCfg = Debug|Any CPU
		{BD2DFA9B-4477-4740-9964-6ED52D2908CE}.Debug|Any CPU.Build.0 = Debug|Any CPU
		{BD2DFA9B-4477-4740-9964-6ED52D2908CE}.Debug|Any CPU.Deploy.0 = Debug|Any CPU
		{BD2DFA9B-4477-4740-9964-6ED52D2908CE}.Debug|iPhone.ActiveCfg = Debug|Any CPU
		{BD2DFA9B-4477-4740-9964-6ED52D2908CE}.Debug|iPhone.Build.0 = Debug|Any CPU
		{BD2DFA9B-4477-4740-9964-6ED52D2908CE}.Debug|iPhone.Deploy.0 = Debug|Any CPU
		{BD2DFA9B-4477-4740-9964-6ED52D2908CE}.Debug|iPhoneSimulator.ActiveCfg = Debug|Any CPU
		{BD2DFA9B-4477-4740-9964-6ED52D2908CE}.Debug|iPhoneSimulator.Build.0 = Debug|Any CPU
		{BD2DFA9B-4477-4740-9964-6ED52D2908CE}.Debug|iPhoneSimulator.Deploy.0 = Debug|Any CPU
		{BD2DFA9B-4477-4740-9964-6ED52D2908CE}.Release|Any CPU.ActiveCfg = Release|Any CPU
		{BD2DFA9B-4477-4740-9964-6ED52D2908CE}.Release|Any CPU.Build.0 = Release|Any CPU
		{BD2DFA9B-4477-4740-9964-6ED52D2908CE}.Release|Any CPU.Deploy.0 = Release|Any CPU
		{BD2DFA9B-4477-4740-9964-6ED52D2908CE}.Release|iPhone.ActiveCfg = Release|Any CPU
		{BD2DFA9B-4477-4740-9964-6ED52D2908CE}.Release|iPhone.Build.0 = Release|Any CPU
		{BD2DFA9B-4477-4740-9964-6ED52D2908CE}.Release|iPhone.Deploy.0 = Release|Any CPU
		{BD2DFA9B-4477-4740-9964-6ED52D2908CE}.Release|iPhoneSimulator.ActiveCfg = Release|Any CPU
		{BD2DFA9B-4477-4740-9964-6ED52D2908CE}.Release|iPhoneSimulator.Build.0 = Release|Any CPU
		{BD2DFA9B-4477-4740-9964-6ED52D2908CE}.Release|iPhoneSimulator.Deploy.0 = Release|Any CPU
		{DFE9DE04-D100-485B-92D1-830BE76ACC2F}.Debug|Any CPU.ActiveCfg = Debug|iPhone
		{DFE9DE04-D100-485B-92D1-830BE76ACC2F}.Debug|Any CPU.Build.0 = Debug|iPhone
		{DFE9DE04-D100-485B-92D1-830BE76ACC2F}.Debug|Any CPU.Deploy.0 = Debug|iPhone
		{DFE9DE04-D100-485B-92D1-830BE76ACC2F}.Debug|iPhone.ActiveCfg = Debug|iPhone
		{DFE9DE04-D100-485B-92D1-830BE76ACC2F}.Debug|iPhone.Build.0 = Debug|iPhone
		{DFE9DE04-D100-485B-92D1-830BE76ACC2F}.Debug|iPhone.Deploy.0 = Debug|iPhone
		{DFE9DE04-D100-485B-92D1-830BE76ACC2F}.Debug|iPhoneSimulator.ActiveCfg = Debug|iPhoneSimulator
		{DFE9DE04-D100-485B-92D1-830BE76ACC2F}.Debug|iPhoneSimulator.Build.0 = Debug|iPhoneSimulator
		{DFE9DE04-D100-485B-92D1-830BE76ACC2F}.Debug|iPhoneSimulator.Deploy.0 = Debug|iPhoneSimulator
		{DFE9DE04-D100-485B-92D1-830BE76ACC2F}.Release|Any CPU.ActiveCfg = Release|iPhoneSimulator
		{DFE9DE04-D100-485B-92D1-830BE76ACC2F}.Release|Any CPU.Build.0 = Release|iPhoneSimulator
		{DFE9DE04-D100-485B-92D1-830BE76ACC2F}.Release|Any CPU.Deploy.0 = Release|iPhoneSimulator
		{DFE9DE04-D100-485B-92D1-830BE76ACC2F}.Release|iPhone.ActiveCfg = Release|iPhone
		{DFE9DE04-D100-485B-92D1-830BE76ACC2F}.Release|iPhone.Build.0 = Release|iPhone
		{DFE9DE04-D100-485B-92D1-830BE76ACC2F}.Release|iPhone.Deploy.0 = Release|iPhone
		{DFE9DE04-D100-485B-92D1-830BE76ACC2F}.Release|iPhoneSimulator.ActiveCfg = Release|iPhoneSimulator
		{DFE9DE04-D100-485B-92D1-830BE76ACC2F}.Release|iPhoneSimulator.Build.0 = Release|iPhoneSimulator
		{DFE9DE04-D100-485B-92D1-830BE76ACC2F}.Release|iPhoneSimulator.Deploy.0 = Release|iPhoneSimulator
		{17B8B830-EFBF-4A49-9EF5-6144AF4A3031}.Debug|Any CPU.ActiveCfg = Debug|Any CPU
		{17B8B830-EFBF-4A49-9EF5-6144AF4A3031}.Debug|Any CPU.Build.0 = Debug|Any CPU
		{17B8B830-EFBF-4A49-9EF5-6144AF4A3031}.Debug|Any CPU.Deploy.0 = Debug|Any CPU
		{17B8B830-EFBF-4A49-9EF5-6144AF4A3031}.Debug|iPhone.ActiveCfg = Debug|Any CPU
		{17B8B830-EFBF-4A49-9EF5-6144AF4A3031}.Debug|iPhone.Build.0 = Debug|Any CPU
		{17B8B830-EFBF-4A49-9EF5-6144AF4A3031}.Debug|iPhone.Deploy.0 = Debug|Any CPU
		{17B8B830-EFBF-4A49-9EF5-6144AF4A3031}.Debug|iPhoneSimulator.ActiveCfg = Debug|Any CPU
		{17B8B830-EFBF-4A49-9EF5-6144AF4A3031}.Debug|iPhoneSimulator.Build.0 = Debug|Any CPU
		{17B8B830-EFBF-4A49-9EF5-6144AF4A3031}.Debug|iPhoneSimulator.Deploy.0 = Debug|Any CPU
		{17B8B830-EFBF-4A49-9EF5-6144AF4A3031}.Release|Any CPU.ActiveCfg = Release|Any CPU
		{17B8B830-EFBF-4A49-9EF5-6144AF4A3031}.Release|Any CPU.Build.0 = Release|Any CPU
		{17B8B830-EFBF-4A49-9EF5-6144AF4A3031}.Release|Any CPU.Deploy.0 = Release|Any CPU
		{17B8B830-EFBF-4A49-9EF5-6144AF4A3031}.Release|iPhone.ActiveCfg = Release|Any CPU
		{17B8B830-EFBF-4A49-9EF5-6144AF4A3031}.Release|iPhone.Build.0 = Release|Any CPU
		{17B8B830-EFBF-4A49-9EF5-6144AF4A3031}.Release|iPhone.Deploy.0 = Release|Any CPU
		{17B8B830-EFBF-4A49-9EF5-6144AF4A3031}.Release|iPhoneSimulator.ActiveCfg = Release|Any CPU
		{17B8B830-EFBF-4A49-9EF5-6144AF4A3031}.Release|iPhoneSimulator.Build.0 = Release|Any CPU
		{17B8B830-EFBF-4A49-9EF5-6144AF4A3031}.Release|iPhoneSimulator.Deploy.0 = Release|Any CPU
	EndGlobalSection
	GlobalSection(SolutionProperties) = preSolution
		HideSolutionNode = FALSE
	EndGlobalSection
	GlobalSection(ExtensibilityGlobals) = postSolution
		SolutionGuid = {25B3EB3F-97CA-4C8F-A852-6F6ACA0CE449}
	EndGlobalSection
EndGlobal
